
Microsoft Visual Studio Solution File, Format Version 12.00
# Visual Studio Version 16
VisualStudioVersion = 16.0.31702.278
MinimumVisualStudioVersion = 10.0.40219.1
Project("{FAE04EC0-301F-11D3-BF4B-00C04F79EFBC}") = "CanonStore", "CanonStore\CanonStore.csproj", "{5E3DFCE0-AD78-465B-9849-9A06B0F19FF8}"
EndProject
Global
	GlobalSection(SolutionConfigurationPlatforms) = preSolution
		Debug|Any CPU = Debug|Any CPU
		Release|Any CPU = Release|Any CPU
	EndGlobalSection
	GlobalSection(ProjectConfigurationPlatforms) = postSolution
		{5E3DFCE0-AD78-465B-9849-9A06B0F19FF8}.Debug|Any CPU.ActiveCfg = Debug|Any CPU
		{5E3DFCE0-AD78-465B-9849-9A06B0F19FF8}.Debug|Any CPU.Build.0 = Debug|Any CPU
		{5E3DFCE0-AD78-465B-9849-9A06B0F19FF8}.Release|Any CPU.ActiveCfg = Release|Any CPU
		{5E3DFCE0-AD78-465B-9849-9A06B0F19FF8}.Release|Any CPU.Build.0 = Release|Any CPU
	EndGlobalSection
	GlobalSection(SolutionProperties) = preSolution
		HideSolutionNode = FALSE
	EndGlobalSection
	GlobalSection(ExtensibilityGlobals) = postSolution
		SolutionGuid = {83F7ED8D-FB87-45FD-B6FE-86D2C2B9EDA8}
	EndGlobalSection
EndGlobal
